// !$*UTF8*$!
{
	archiveVersion = 1;
	classes = {
	};
	objectVersion = 56;
	objects = {

/* Begin PBXBuildFile section */
		0C00F739290C7166000F69C8 /* LogInViewController.swift in Sources */ = {isa = PBXBuildFile; fileRef = 0C00F738290C7166000F69C8 /* LogInViewController.swift */; };
		0C45E0F92913179A002A6881 /* HomeViewController.swift in Sources */ = {isa = PBXBuildFile; fileRef = 0C45E0F82913179A002A6881 /* HomeViewController.swift */; };
		0C45E0FB291318C3002A6881 /* PublishRideViewController.swift in Sources */ = {isa = PBXBuildFile; fileRef = 0C45E0FA291318C3002A6881 /* PublishRideViewController.swift */; };
		0C45E0FD29131AD7002A6881 /* RidesViewController.swift in Sources */ = {isa = PBXBuildFile; fileRef = 0C45E0FC29131AD7002A6881 /* RidesViewController.swift */; };
		0C45E0FF29131B40002A6881 /* HitchhikeStatusViewController.swift in Sources */ = {isa = PBXBuildFile; fileRef = 0C45E0FE29131B3F002A6881 /* HitchhikeStatusViewController.swift */; };
		0C45E10129131B55002A6881 /* RideRequestsViewController.swift in Sources */ = {isa = PBXBuildFile; fileRef = 0C45E10029131B55002A6881 /* RideRequestsViewController.swift */; };
		0C83C6CA291D6467003FD90A /* SignUpHelper.swift in Sources */ = {isa = PBXBuildFile; fileRef = 0C83C6C9291D6467003FD90A /* SignUpHelper.swift */; };
		0C83C6CC291D6476003FD90A /* SignUpDelegate.swift in Sources */ = {isa = PBXBuildFile; fileRef = 0C83C6CB291D6476003FD90A /* SignUpDelegate.swift */; };
		0C83C6D0291D6977003FD90A /* SignUpViewController.swift in Sources */ = {isa = PBXBuildFile; fileRef = 0C83C6CF291D6977003FD90A /* SignUpViewController.swift */; };
		0C93807029087296000E9365 /* AppDelegate.swift in Sources */ = {isa = PBXBuildFile; fileRef = 0C93806F29087296000E9365 /* AppDelegate.swift */; };
		0C93807229087296000E9365 /* SceneDelegate.swift in Sources */ = {isa = PBXBuildFile; fileRef = 0C93807129087296000E9365 /* SceneDelegate.swift */; };
		0C93807429087296000E9365 /* SecondSignUpViewController.swift in Sources */ = {isa = PBXBuildFile; fileRef = 0C93807329087296000E9365 /* SecondSignUpViewController.swift */; };
		0C93807729087296000E9365 /* Main.storyboard in Resources */ = {isa = PBXBuildFile; fileRef = 0C93807529087296000E9365 /* Main.storyboard */; };
		0C938079290872A1000E9365 /* Assets.xcassets in Resources */ = {isa = PBXBuildFile; fileRef = 0C938078290872A1000E9365 /* Assets.xcassets */; };
		0C93807C290872A1000E9365 /* LaunchScreen.storyboard in Resources */ = {isa = PBXBuildFile; fileRef = 0C93807A290872A1000E9365 /* LaunchScreen.storyboard */; };
		0C938087290872A1000E9365 /* KuberTests.swift in Sources */ = {isa = PBXBuildFile; fileRef = 0C938086290872A1000E9365 /* KuberTests.swift */; };
		0C938091290872A1000E9365 /* KuberUITests.swift in Sources */ = {isa = PBXBuildFile; fileRef = 0C938090290872A1000E9365 /* KuberUITests.swift */; };
		0C938093290872A1000E9365 /* KuberUITestsLaunchTests.swift in Sources */ = {isa = PBXBuildFile; fileRef = 0C938092290872A1000E9365 /* KuberUITestsLaunchTests.swift */; };
		0CB96DE82926D0DB00AC0982 /* SecondSignUpHelper.swift in Sources */ = {isa = PBXBuildFile; fileRef = 0CB96DE72926D0DB00AC0982 /* SecondSignUpHelper.swift */; };
		0CB96DEA2926D10C00AC0982 /* SecondSignUpDelegate.swift in Sources */ = {isa = PBXBuildFile; fileRef = 0CB96DE92926D10C00AC0982 /* SecondSignUpDelegate.swift */; };
		1E28EE47290E6533003A141C /* SearchRideViewController.swift in Sources */ = {isa = PBXBuildFile; fileRef = 1E28EE46290E6533003A141C /* SearchRideViewController.swift */; };
		1E28EE4B290E8E68003A141C /* searchRideUIView.swift in Sources */ = {isa = PBXBuildFile; fileRef = 1E28EE4A290E8E68003A141C /* searchRideUIView.swift */; };
		1E514C5F2923DFFD0050F2E9 /* SignInHelper.swift in Sources */ = {isa = PBXBuildFile; fileRef = 1E514C5E2923DFFD0050F2E9 /* SignInHelper.swift */; };
		1E514C612923E00B0050F2E9 /* SignInDelegate.swift in Sources */ = {isa = PBXBuildFile; fileRef = 1E514C602923E00B0050F2E9 /* SignInDelegate.swift */; };
		421B41EB99E2D8A47CA81C4B /* Pods_Kuber.framework in Frameworks */ = {isa = PBXBuildFile; fileRef = 115921646A25995D177B1D5E /* Pods_Kuber.framework */; };
		54065511291053E30015F3D9 /* FirebaseAnalytics in Frameworks */ = {isa = PBXBuildFile; productRef = 54065510291053E30015F3D9 /* FirebaseAnalytics */; };
		54065513291053E30015F3D9 /* FirebaseAnalyticsOnDeviceConversion in Frameworks */ = {isa = PBXBuildFile; productRef = 54065512291053E30015F3D9 /* FirebaseAnalyticsOnDeviceConversion */; };
		54065515291053E30015F3D9 /* FirebaseAnalyticsSwift in Frameworks */ = {isa = PBXBuildFile; productRef = 54065514291053E30015F3D9 /* FirebaseAnalyticsSwift */; };
		54065517291053E30015F3D9 /* FirebaseAnalyticsWithoutAdIdSupport in Frameworks */ = {isa = PBXBuildFile; productRef = 54065516291053E30015F3D9 /* FirebaseAnalyticsWithoutAdIdSupport */; };
		54065519291053E30015F3D9 /* FirebaseAppCheck in Frameworks */ = {isa = PBXBuildFile; productRef = 54065518291053E30015F3D9 /* FirebaseAppCheck */; };
		5406551B291053E30015F3D9 /* FirebaseAppDistribution-Beta in Frameworks */ = {isa = PBXBuildFile; productRef = 5406551A291053E30015F3D9 /* FirebaseAppDistribution-Beta */; };
		5406551D291053E30015F3D9 /* FirebaseAuth in Frameworks */ = {isa = PBXBuildFile; productRef = 5406551C291053E30015F3D9 /* FirebaseAuth */; };
		5406551F291053E30015F3D9 /* FirebaseAuthCombine-Community in Frameworks */ = {isa = PBXBuildFile; productRef = 5406551E291053E30015F3D9 /* FirebaseAuthCombine-Community */; };
		54065521291053E30015F3D9 /* FirebaseCrashlytics in Frameworks */ = {isa = PBXBuildFile; productRef = 54065520291053E30015F3D9 /* FirebaseCrashlytics */; };
		54065523291053E30015F3D9 /* FirebaseDatabase in Frameworks */ = {isa = PBXBuildFile; productRef = 54065522291053E30015F3D9 /* FirebaseDatabase */; };
		54065525291053E30015F3D9 /* FirebaseDatabaseSwift in Frameworks */ = {isa = PBXBuildFile; productRef = 54065524291053E30015F3D9 /* FirebaseDatabaseSwift */; };
		54065527291053E30015F3D9 /* FirebaseDynamicLinks in Frameworks */ = {isa = PBXBuildFile; productRef = 54065526291053E30015F3D9 /* FirebaseDynamicLinks */; };
		54065529291053E30015F3D9 /* FirebaseFirestore in Frameworks */ = {isa = PBXBuildFile; productRef = 54065528291053E30015F3D9 /* FirebaseFirestore */; };
		5406552B291053E30015F3D9 /* FirebaseFirestoreCombine-Community in Frameworks */ = {isa = PBXBuildFile; productRef = 5406552A291053E30015F3D9 /* FirebaseFirestoreCombine-Community */; };
		5406552D291053E30015F3D9 /* FirebaseFirestoreSwift in Frameworks */ = {isa = PBXBuildFile; productRef = 5406552C291053E30015F3D9 /* FirebaseFirestoreSwift */; };
		5406552F291053E30015F3D9 /* FirebaseFunctions in Frameworks */ = {isa = PBXBuildFile; productRef = 5406552E291053E30015F3D9 /* FirebaseFunctions */; };
		54065531291053E30015F3D9 /* FirebaseFunctionsCombine-Community in Frameworks */ = {isa = PBXBuildFile; productRef = 54065530291053E30015F3D9 /* FirebaseFunctionsCombine-Community */; };
		54065533291053E30015F3D9 /* FirebaseInAppMessaging-Beta in Frameworks */ = {isa = PBXBuildFile; productRef = 54065532291053E30015F3D9 /* FirebaseInAppMessaging-Beta */; };
		54065535291053E30015F3D9 /* FirebaseInAppMessagingSwift-Beta in Frameworks */ = {isa = PBXBuildFile; productRef = 54065534291053E30015F3D9 /* FirebaseInAppMessagingSwift-Beta */; };
		54065537291053E30015F3D9 /* FirebaseInstallations in Frameworks */ = {isa = PBXBuildFile; productRef = 54065536291053E30015F3D9 /* FirebaseInstallations */; };
		54065539291053E30015F3D9 /* FirebaseMLModelDownloader in Frameworks */ = {isa = PBXBuildFile; productRef = 54065538291053E30015F3D9 /* FirebaseMLModelDownloader */; };
		5406553B291053E30015F3D9 /* FirebaseMessaging in Frameworks */ = {isa = PBXBuildFile; productRef = 5406553A291053E30015F3D9 /* FirebaseMessaging */; };
		5406553D291053E30015F3D9 /* FirebasePerformance in Frameworks */ = {isa = PBXBuildFile; productRef = 5406553C291053E30015F3D9 /* FirebasePerformance */; };
		5406553F291053E30015F3D9 /* FirebaseRemoteConfig in Frameworks */ = {isa = PBXBuildFile; productRef = 5406553E291053E30015F3D9 /* FirebaseRemoteConfig */; };
		54065541291053E30015F3D9 /* FirebaseRemoteConfigSwift in Frameworks */ = {isa = PBXBuildFile; productRef = 54065540291053E30015F3D9 /* FirebaseRemoteConfigSwift */; };
		54065543291053E30015F3D9 /* FirebaseStorage in Frameworks */ = {isa = PBXBuildFile; productRef = 54065542291053E30015F3D9 /* FirebaseStorage */; };
		54065545291053E30015F3D9 /* FirebaseStorageCombine-Community in Frameworks */ = {isa = PBXBuildFile; productRef = 54065544291053E30015F3D9 /* FirebaseStorageCombine-Community */; };
		54065547291057AE0015F3D9 /* GoogleService-Info.plist in Resources */ = {isa = PBXBuildFile; fileRef = 54065546291057AE0015F3D9 /* GoogleService-Info.plist */; };
		54065548291057AE0015F3D9 /* GoogleService-Info.plist in Resources */ = {isa = PBXBuildFile; fileRef = 54065546291057AE0015F3D9 /* GoogleService-Info.plist */; };
		54065549291057AE0015F3D9 /* GoogleService-Info.plist in Resources */ = {isa = PBXBuildFile; fileRef = 54065546291057AE0015F3D9 /* GoogleService-Info.plist */; };
		548E3666292E702200098C29 /* Ride.swift in Sources */ = {isa = PBXBuildFile; fileRef = 548E3665292E702100098C29 /* Ride.swift */; };
		54EE18CA292259D6009516FB /* User.swift in Sources */ = {isa = PBXBuildFile; fileRef = 54EE18C9292259D6009516FB /* User.swift */; };
		5E4F2A12625A271388ECBC63 /* Pods_Kuber_KuberUITests.framework in Frameworks */ = {isa = PBXBuildFile; fileRef = 8AB0E46F6C00F5A9A34971A7 /* Pods_Kuber_KuberUITests.framework */; };
		F26C296E290FFA96000F5C59 /* ProfileScreenViewController.swift in Sources */ = {isa = PBXBuildFile; fileRef = F26C296D290FFA95000F5C59 /* ProfileScreenViewController.swift */; };
		F2C663432922C79A00F806AE /* ProfileHelper.swift in Sources */ = {isa = PBXBuildFile; fileRef = F2C663422922C79A00F806AE /* ProfileHelper.swift */; };
		F2C663452922C7F800F806AE /* ProfileDelegate.swift in Sources */ = {isa = PBXBuildFile; fileRef = F2C663442922C7F800F806AE /* ProfileDelegate.swift */; };
		F7A174E155A47471CFD73DA7 /* Pods_KuberTests.framework in Frameworks */ = {isa = PBXBuildFile; fileRef = C740BCB168954BA7236677A8 /* Pods_KuberTests.framework */; };
/* End PBXBuildFile section */

/* Begin PBXContainerItemProxy section */
		0C938083290872A1000E9365 /* PBXContainerItemProxy */ = {
			isa = PBXContainerItemProxy;
			containerPortal = 0C93806429087296000E9365 /* Project object */;
			proxyType = 1;
			remoteGlobalIDString = 0C93806B29087296000E9365;
			remoteInfo = Kuber;
		};
		0C93808D290872A1000E9365 /* PBXContainerItemProxy */ = {
			isa = PBXContainerItemProxy;
			containerPortal = 0C93806429087296000E9365 /* Project object */;
			proxyType = 1;
			remoteGlobalIDString = 0C93806B29087296000E9365;
			remoteInfo = Kuber;
		};
/* End PBXContainerItemProxy section */

/* Begin PBXFileReference section */
		0C00F738290C7166000F69C8 /* LogInViewController.swift */ = {isa = PBXFileReference; lastKnownFileType = sourcecode.swift; path = LogInViewController.swift; sourceTree = "<group>"; };
		0C45E0F82913179A002A6881 /* HomeViewController.swift */ = {isa = PBXFileReference; lastKnownFileType = sourcecode.swift; path = HomeViewController.swift; sourceTree = "<group>"; };
		0C45E0FA291318C3002A6881 /* PublishRideViewController.swift */ = {isa = PBXFileReference; lastKnownFileType = sourcecode.swift; path = PublishRideViewController.swift; sourceTree = "<group>"; };
		0C45E0FC29131AD7002A6881 /* RidesViewController.swift */ = {isa = PBXFileReference; lastKnownFileType = sourcecode.swift; path = RidesViewController.swift; sourceTree = "<group>"; };
		0C45E0FE29131B3F002A6881 /* HitchhikeStatusViewController.swift */ = {isa = PBXFileReference; lastKnownFileType = sourcecode.swift; path = HitchhikeStatusViewController.swift; sourceTree = "<group>"; };
		0C45E10029131B55002A6881 /* RideRequestsViewController.swift */ = {isa = PBXFileReference; lastKnownFileType = sourcecode.swift; path = RideRequestsViewController.swift; sourceTree = "<group>"; };
		0C83C6C9291D6467003FD90A /* SignUpHelper.swift */ = {isa = PBXFileReference; lastKnownFileType = sourcecode.swift; path = SignUpHelper.swift; sourceTree = "<group>"; };
		0C83C6CB291D6476003FD90A /* SignUpDelegate.swift */ = {isa = PBXFileReference; lastKnownFileType = sourcecode.swift; path = SignUpDelegate.swift; sourceTree = "<group>"; };
		0C83C6CF291D6977003FD90A /* SignUpViewController.swift */ = {isa = PBXFileReference; lastKnownFileType = sourcecode.swift; path = SignUpViewController.swift; sourceTree = "<group>"; };
		0C93806C29087296000E9365 /* Kuber.app */ = {isa = PBXFileReference; explicitFileType = wrapper.application; includeInIndex = 0; path = Kuber.app; sourceTree = BUILT_PRODUCTS_DIR; };
		0C93806F29087296000E9365 /* AppDelegate.swift */ = {isa = PBXFileReference; lastKnownFileType = sourcecode.swift; path = AppDelegate.swift; sourceTree = "<group>"; };
		0C93807129087296000E9365 /* SceneDelegate.swift */ = {isa = PBXFileReference; lastKnownFileType = sourcecode.swift; path = SceneDelegate.swift; sourceTree = "<group>"; };
		0C93807329087296000E9365 /* SecondSignUpViewController.swift */ = {isa = PBXFileReference; lastKnownFileType = sourcecode.swift; path = SecondSignUpViewController.swift; sourceTree = "<group>"; };
		0C93807629087296000E9365 /* Base */ = {isa = PBXFileReference; lastKnownFileType = file.storyboard; name = Base; path = Base.lproj/Main.storyboard; sourceTree = "<group>"; };
		0C938078290872A1000E9365 /* Assets.xcassets */ = {isa = PBXFileReference; lastKnownFileType = folder.assetcatalog; path = Assets.xcassets; sourceTree = "<group>"; };
		0C93807B290872A1000E9365 /* Base */ = {isa = PBXFileReference; lastKnownFileType = file.storyboard; name = Base; path = Base.lproj/LaunchScreen.storyboard; sourceTree = "<group>"; };
		0C93807D290872A1000E9365 /* Info.plist */ = {isa = PBXFileReference; lastKnownFileType = text.plist.xml; path = Info.plist; sourceTree = "<group>"; };
		0C938082290872A1000E9365 /* KuberTests.xctest */ = {isa = PBXFileReference; explicitFileType = wrapper.cfbundle; includeInIndex = 0; path = KuberTests.xctest; sourceTree = BUILT_PRODUCTS_DIR; };
		0C938086290872A1000E9365 /* KuberTests.swift */ = {isa = PBXFileReference; lastKnownFileType = sourcecode.swift; path = KuberTests.swift; sourceTree = "<group>"; };
		0C93808C290872A1000E9365 /* KuberUITests.xctest */ = {isa = PBXFileReference; explicitFileType = wrapper.cfbundle; includeInIndex = 0; path = KuberUITests.xctest; sourceTree = BUILT_PRODUCTS_DIR; };
		0C938090290872A1000E9365 /* KuberUITests.swift */ = {isa = PBXFileReference; lastKnownFileType = sourcecode.swift; path = KuberUITests.swift; sourceTree = "<group>"; };
		0C938092290872A1000E9365 /* KuberUITestsLaunchTests.swift */ = {isa = PBXFileReference; lastKnownFileType = sourcecode.swift; path = KuberUITestsLaunchTests.swift; sourceTree = "<group>"; };
		0CB96DE72926D0DB00AC0982 /* SecondSignUpHelper.swift */ = {isa = PBXFileReference; lastKnownFileType = sourcecode.swift; path = SecondSignUpHelper.swift; sourceTree = "<group>"; };
		0CB96DE92926D10C00AC0982 /* SecondSignUpDelegate.swift */ = {isa = PBXFileReference; lastKnownFileType = sourcecode.swift; path = SecondSignUpDelegate.swift; sourceTree = "<group>"; };
		115921646A25995D177B1D5E /* Pods_Kuber.framework */ = {isa = PBXFileReference; explicitFileType = wrapper.framework; includeInIndex = 0; path = Pods_Kuber.framework; sourceTree = BUILT_PRODUCTS_DIR; };
		1E28EE46290E6533003A141C /* SearchRideViewController.swift */ = {isa = PBXFileReference; lastKnownFileType = sourcecode.swift; path = SearchRideViewController.swift; sourceTree = "<group>"; };
		1E28EE4A290E8E68003A141C /* searchRideUIView.swift */ = {isa = PBXFileReference; lastKnownFileType = sourcecode.swift; path = searchRideUIView.swift; sourceTree = "<group>"; };
		1E514C5E2923DFFD0050F2E9 /* SignInHelper.swift */ = {isa = PBXFileReference; lastKnownFileType = sourcecode.swift; path = SignInHelper.swift; sourceTree = "<group>"; };
		1E514C602923E00B0050F2E9 /* SignInDelegate.swift */ = {isa = PBXFileReference; lastKnownFileType = sourcecode.swift; path = SignInDelegate.swift; sourceTree = "<group>"; };
		2EE806FF8C0BA34FDB559D61 /* Pods-Kuber.release.xcconfig */ = {isa = PBXFileReference; includeInIndex = 1; lastKnownFileType = text.xcconfig; name = "Pods-Kuber.release.xcconfig"; path = "Target Support Files/Pods-Kuber/Pods-Kuber.release.xcconfig"; sourceTree = "<group>"; };
		35BFEFAAB4D30DCD120F5AC6 /* Pods-Kuber-KuberUITests.release.xcconfig */ = {isa = PBXFileReference; includeInIndex = 1; lastKnownFileType = text.xcconfig; name = "Pods-Kuber-KuberUITests.release.xcconfig"; path = "Target Support Files/Pods-Kuber-KuberUITests/Pods-Kuber-KuberUITests.release.xcconfig"; sourceTree = "<group>"; };
		54065546291057AE0015F3D9 /* GoogleService-Info.plist */ = {isa = PBXFileReference; fileEncoding = 4; lastKnownFileType = text.plist.xml; path = "GoogleService-Info.plist"; sourceTree = "<group>"; };
		548E3665292E702100098C29 /* Ride.swift */ = {isa = PBXFileReference; lastKnownFileType = sourcecode.swift; path = Ride.swift; sourceTree = "<group>"; };
		54EE18C9292259D6009516FB /* User.swift */ = {isa = PBXFileReference; lastKnownFileType = sourcecode.swift; path = User.swift; sourceTree = "<group>"; };
		6CA7B75E54120AB656FA1FD6 /* Pods-Kuber.debug.xcconfig */ = {isa = PBXFileReference; includeInIndex = 1; lastKnownFileType = text.xcconfig; name = "Pods-Kuber.debug.xcconfig"; path = "Target Support Files/Pods-Kuber/Pods-Kuber.debug.xcconfig"; sourceTree = "<group>"; };
		8AB0E46F6C00F5A9A34971A7 /* Pods_Kuber_KuberUITests.framework */ = {isa = PBXFileReference; explicitFileType = wrapper.framework; includeInIndex = 0; path = Pods_Kuber_KuberUITests.framework; sourceTree = BUILT_PRODUCTS_DIR; };
		946B3C23BAE0A4880209F008 /* Pods-Kuber-KuberUITests.debug.xcconfig */ = {isa = PBXFileReference; includeInIndex = 1; lastKnownFileType = text.xcconfig; name = "Pods-Kuber-KuberUITests.debug.xcconfig"; path = "Target Support Files/Pods-Kuber-KuberUITests/Pods-Kuber-KuberUITests.debug.xcconfig"; sourceTree = "<group>"; };
		BC6AB42BAF48086E3CC35A9E /* Pods-KuberTests.debug.xcconfig */ = {isa = PBXFileReference; includeInIndex = 1; lastKnownFileType = text.xcconfig; name = "Pods-KuberTests.debug.xcconfig"; path = "Target Support Files/Pods-KuberTests/Pods-KuberTests.debug.xcconfig"; sourceTree = "<group>"; };
		C67095A7C23726EE1FF63965 /* Pods-KuberTests.release.xcconfig */ = {isa = PBXFileReference; includeInIndex = 1; lastKnownFileType = text.xcconfig; name = "Pods-KuberTests.release.xcconfig"; path = "Target Support Files/Pods-KuberTests/Pods-KuberTests.release.xcconfig"; sourceTree = "<group>"; };
		C740BCB168954BA7236677A8 /* Pods_KuberTests.framework */ = {isa = PBXFileReference; explicitFileType = wrapper.framework; includeInIndex = 0; path = Pods_KuberTests.framework; sourceTree = BUILT_PRODUCTS_DIR; };
		F26C296D290FFA95000F5C59 /* ProfileScreenViewController.swift */ = {isa = PBXFileReference; lastKnownFileType = sourcecode.swift; path = ProfileScreenViewController.swift; sourceTree = "<group>"; };
		F2C663422922C79A00F806AE /* ProfileHelper.swift */ = {isa = PBXFileReference; lastKnownFileType = sourcecode.swift; path = ProfileHelper.swift; sourceTree = "<group>"; };
		F2C663442922C7F800F806AE /* ProfileDelegate.swift */ = {isa = PBXFileReference; lastKnownFileType = sourcecode.swift; path = ProfileDelegate.swift; sourceTree = "<group>"; };
/* End PBXFileReference section */

/* Begin PBXFrameworksBuildPhase section */
		0C93806929087296000E9365 /* Frameworks */ = {
			isa = PBXFrameworksBuildPhase;
			buildActionMask = 2147483647;
			files = (
				54065523291053E30015F3D9 /* FirebaseDatabase in Frameworks */,
				54065531291053E30015F3D9 /* FirebaseFunctionsCombine-Community in Frameworks */,
				54065529291053E30015F3D9 /* FirebaseFirestore in Frameworks */,
				54065515291053E30015F3D9 /* FirebaseAnalyticsSwift in Frameworks */,
				54065511291053E30015F3D9 /* FirebaseAnalytics in Frameworks */,
				54065513291053E30015F3D9 /* FirebaseAnalyticsOnDeviceConversion in Frameworks */,
				54065539291053E30015F3D9 /* FirebaseMLModelDownloader in Frameworks */,
				5406552D291053E30015F3D9 /* FirebaseFirestoreSwift in Frameworks */,
				54065519291053E30015F3D9 /* FirebaseAppCheck in Frameworks */,
				54065517291053E30015F3D9 /* FirebaseAnalyticsWithoutAdIdSupport in Frameworks */,
				5406551D291053E30015F3D9 /* FirebaseAuth in Frameworks */,
				54065521291053E30015F3D9 /* FirebaseCrashlytics in Frameworks */,
				54065541291053E30015F3D9 /* FirebaseRemoteConfigSwift in Frameworks */,
				54065533291053E30015F3D9 /* FirebaseInAppMessaging-Beta in Frameworks */,
				54065525291053E30015F3D9 /* FirebaseDatabaseSwift in Frameworks */,
				5406552F291053E30015F3D9 /* FirebaseFunctions in Frameworks */,
				54065545291053E30015F3D9 /* FirebaseStorageCombine-Community in Frameworks */,
				5406553F291053E30015F3D9 /* FirebaseRemoteConfig in Frameworks */,
				5406551B291053E30015F3D9 /* FirebaseAppDistribution-Beta in Frameworks */,
				5406551F291053E30015F3D9 /* FirebaseAuthCombine-Community in Frameworks */,
				5406553D291053E30015F3D9 /* FirebasePerformance in Frameworks */,
				54065535291053E30015F3D9 /* FirebaseInAppMessagingSwift-Beta in Frameworks */,
				54065543291053E30015F3D9 /* FirebaseStorage in Frameworks */,
				54065527291053E30015F3D9 /* FirebaseDynamicLinks in Frameworks */,
				5406552B291053E30015F3D9 /* FirebaseFirestoreCombine-Community in Frameworks */,
				5406553B291053E30015F3D9 /* FirebaseMessaging in Frameworks */,
				54065537291053E30015F3D9 /* FirebaseInstallations in Frameworks */,
				421B41EB99E2D8A47CA81C4B /* Pods_Kuber.framework in Frameworks */,
			);
			runOnlyForDeploymentPostprocessing = 0;
		};
		0C93807F290872A1000E9365 /* Frameworks */ = {
			isa = PBXFrameworksBuildPhase;
			buildActionMask = 2147483647;
			files = (
				F7A174E155A47471CFD73DA7 /* Pods_KuberTests.framework in Frameworks */,
			);
			runOnlyForDeploymentPostprocessing = 0;
		};
		0C938089290872A1000E9365 /* Frameworks */ = {
			isa = PBXFrameworksBuildPhase;
			buildActionMask = 2147483647;
			files = (
				5E4F2A12625A271388ECBC63 /* Pods_Kuber_KuberUITests.framework in Frameworks */,
			);
			runOnlyForDeploymentPostprocessing = 0;
		};
/* End PBXFrameworksBuildPhase section */

/* Begin PBXGroup section */
		0C83C6C8291D644B003FD90A /* Model */ = {
			isa = PBXGroup;
			children = (
				0C83C6C9291D6467003FD90A /* SignUpHelper.swift */,
				0C83C6CB291D6476003FD90A /* SignUpDelegate.swift */,
				F2C663422922C79A00F806AE /* ProfileHelper.swift */,
				F2C663442922C7F800F806AE /* ProfileDelegate.swift */,
				1E514C5E2923DFFD0050F2E9 /* SignInHelper.swift */,
				1E514C602923E00B0050F2E9 /* SignInDelegate.swift */,
				0CB96DE72926D0DB00AC0982 /* SecondSignUpHelper.swift */,
				0CB96DE92926D10C00AC0982 /* SecondSignUpDelegate.swift */,
			);
			path = Model;
			sourceTree = "<group>";
		};
		0C93806329087296000E9365 = {
			isa = PBXGroup;
			children = (
				0C93806E29087296000E9365 /* Kuber */,
				0C938085290872A1000E9365 /* KuberTests */,
				0C93808F290872A1000E9365 /* KuberUITests */,
				0C93806D29087296000E9365 /* Products */,
				8A3D80AF590E7CF04D7C8681 /* Pods */,
				4611C1BD68F12CACB895B560 /* Frameworks */,
			);
			sourceTree = "<group>";
		};
		0C93806D29087296000E9365 /* Products */ = {
			isa = PBXGroup;
			children = (
				0C93806C29087296000E9365 /* Kuber.app */,
				0C938082290872A1000E9365 /* KuberTests.xctest */,
				0C93808C290872A1000E9365 /* KuberUITests.xctest */,
			);
			name = Products;
			sourceTree = "<group>";
		};
		0C93806E29087296000E9365 /* Kuber */ = {
			isa = PBXGroup;
			children = (
				0C83C6C8291D644B003FD90A /* Model */,
				54065546291057AE0015F3D9 /* GoogleService-Info.plist */,
				F26C296C290FFA5F000F5C59 /* Controller */,
				1E28EE45290E5E58003A141C /* searchRide */,
				0C93806F29087296000E9365 /* AppDelegate.swift */,
				0C93807129087296000E9365 /* SceneDelegate.swift */,
				0C93807529087296000E9365 /* Main.storyboard */,
				0C938078290872A1000E9365 /* Assets.xcassets */,
				0C93807A290872A1000E9365 /* LaunchScreen.storyboard */,
				0C93807D290872A1000E9365 /* Info.plist */,
				54EE18C9292259D6009516FB /* User.swift */,
				548E3665292E702100098C29 /* Ride.swift */,
			);
			path = Kuber;
			sourceTree = "<group>";
		};
		0C938085290872A1000E9365 /* KuberTests */ = {
			isa = PBXGroup;
			children = (
				0C938086290872A1000E9365 /* KuberTests.swift */,
			);
			path = KuberTests;
			sourceTree = "<group>";
		};
		0C93808F290872A1000E9365 /* KuberUITests */ = {
			isa = PBXGroup;
			children = (
				0C938090290872A1000E9365 /* KuberUITests.swift */,
				0C938092290872A1000E9365 /* KuberUITestsLaunchTests.swift */,
			);
			path = KuberUITests;
			sourceTree = "<group>";
		};
		1E28EE45290E5E58003A141C /* searchRide */ = {
			isa = PBXGroup;
			children = (
				1E28EE4A290E8E68003A141C /* searchRideUIView.swift */,
			);
			path = searchRide;
			sourceTree = "<group>";
		};
		4611C1BD68F12CACB895B560 /* Frameworks */ = {
			isa = PBXGroup;
			children = (
				115921646A25995D177B1D5E /* Pods_Kuber.framework */,
				8AB0E46F6C00F5A9A34971A7 /* Pods_Kuber_KuberUITests.framework */,
				C740BCB168954BA7236677A8 /* Pods_KuberTests.framework */,
			);
			name = Frameworks;
			sourceTree = "<group>";
		};
		8A3D80AF590E7CF04D7C8681 /* Pods */ = {
			isa = PBXGroup;
			children = (
				6CA7B75E54120AB656FA1FD6 /* Pods-Kuber.debug.xcconfig */,
				2EE806FF8C0BA34FDB559D61 /* Pods-Kuber.release.xcconfig */,
				946B3C23BAE0A4880209F008 /* Pods-Kuber-KuberUITests.debug.xcconfig */,
				35BFEFAAB4D30DCD120F5AC6 /* Pods-Kuber-KuberUITests.release.xcconfig */,
				BC6AB42BAF48086E3CC35A9E /* Pods-KuberTests.debug.xcconfig */,
				C67095A7C23726EE1FF63965 /* Pods-KuberTests.release.xcconfig */,
			);
			path = Pods;
			sourceTree = "<group>";
		};
		F26C296C290FFA5F000F5C59 /* Controller */ = {
			isa = PBXGroup;
			children = (
				1E28EE46290E6533003A141C /* SearchRideViewController.swift */,
				0C00F738290C7166000F69C8 /* LogInViewController.swift */,
				0C93807329087296000E9365 /* SecondSignUpViewController.swift */,
				F26C296D290FFA95000F5C59 /* ProfileScreenViewController.swift */,
				0C45E0F82913179A002A6881 /* HomeViewController.swift */,
				0C45E0FA291318C3002A6881 /* PublishRideViewController.swift */,
				0C45E0FC29131AD7002A6881 /* RidesViewController.swift */,
				0C45E0FE29131B3F002A6881 /* HitchhikeStatusViewController.swift */,
				0C45E10029131B55002A6881 /* RideRequestsViewController.swift */,
				0C83C6CF291D6977003FD90A /* SignUpViewController.swift */,
			);
			path = Controller;
			sourceTree = "<group>";
		};
/* End PBXGroup section */

/* Begin PBXNativeTarget section */
		0C93806B29087296000E9365 /* Kuber */ = {
			isa = PBXNativeTarget;
			buildConfigurationList = 0C938096290872A1000E9365 /* Build configuration list for PBXNativeTarget "Kuber" */;
			buildPhases = (
				9FEBD6B04AACAF86DF32C50A /* [CP] Check Pods Manifest.lock */,
				0C93806829087296000E9365 /* Sources */,
				0C93806929087296000E9365 /* Frameworks */,
				0C93806A29087296000E9365 /* Resources */,
				656DDE29E91B269F5D9F77CA /* [CP] Embed Pods Frameworks */,
			);
			buildRules = (
			);
			dependencies = (
			);
			name = Kuber;
			packageProductDependencies = (
				54065510291053E30015F3D9 /* FirebaseAnalytics */,
				54065512291053E30015F3D9 /* FirebaseAnalyticsOnDeviceConversion */,
				54065514291053E30015F3D9 /* FirebaseAnalyticsSwift */,
				54065516291053E30015F3D9 /* FirebaseAnalyticsWithoutAdIdSupport */,
				54065518291053E30015F3D9 /* FirebaseAppCheck */,
				5406551A291053E30015F3D9 /* FirebaseAppDistribution-Beta */,
				5406551C291053E30015F3D9 /* FirebaseAuth */,
				5406551E291053E30015F3D9 /* FirebaseAuthCombine-Community */,
				54065520291053E30015F3D9 /* FirebaseCrashlytics */,
				54065522291053E30015F3D9 /* FirebaseDatabase */,
				54065524291053E30015F3D9 /* FirebaseDatabaseSwift */,
				54065526291053E30015F3D9 /* FirebaseDynamicLinks */,
				54065528291053E30015F3D9 /* FirebaseFirestore */,
				5406552A291053E30015F3D9 /* FirebaseFirestoreCombine-Community */,
				5406552C291053E30015F3D9 /* FirebaseFirestoreSwift */,
				5406552E291053E30015F3D9 /* FirebaseFunctions */,
				54065530291053E30015F3D9 /* FirebaseFunctionsCombine-Community */,
				54065532291053E30015F3D9 /* FirebaseInAppMessaging-Beta */,
				54065534291053E30015F3D9 /* FirebaseInAppMessagingSwift-Beta */,
				54065536291053E30015F3D9 /* FirebaseInstallations */,
				54065538291053E30015F3D9 /* FirebaseMLModelDownloader */,
				5406553A291053E30015F3D9 /* FirebaseMessaging */,
				5406553C291053E30015F3D9 /* FirebasePerformance */,
				5406553E291053E30015F3D9 /* FirebaseRemoteConfig */,
				54065540291053E30015F3D9 /* FirebaseRemoteConfigSwift */,
				54065542291053E30015F3D9 /* FirebaseStorage */,
				54065544291053E30015F3D9 /* FirebaseStorageCombine-Community */,
			);
			productName = Kuber;
			productReference = 0C93806C29087296000E9365 /* Kuber.app */;
			productType = "com.apple.product-type.application";
		};
		0C938081290872A1000E9365 /* KuberTests */ = {
			isa = PBXNativeTarget;
			buildConfigurationList = 0C938099290872A1000E9365 /* Build configuration list for PBXNativeTarget "KuberTests" */;
			buildPhases = (
				941FC250DFB6231A189AEF81 /* [CP] Check Pods Manifest.lock */,
				0C93807E290872A1000E9365 /* Sources */,
				0C93807F290872A1000E9365 /* Frameworks */,
				0C938080290872A1000E9365 /* Resources */,
			);
			buildRules = (
			);
			dependencies = (
				0C938084290872A1000E9365 /* PBXTargetDependency */,
			);
			name = KuberTests;
			productName = KuberTests;
			productReference = 0C938082290872A1000E9365 /* KuberTests.xctest */;
			productType = "com.apple.product-type.bundle.unit-test";
		};
		0C93808B290872A1000E9365 /* KuberUITests */ = {
			isa = PBXNativeTarget;
			buildConfigurationList = 0C93809C290872A1000E9365 /* Build configuration list for PBXNativeTarget "KuberUITests" */;
			buildPhases = (
				369D63664220BF5E47B01E59 /* [CP] Check Pods Manifest.lock */,
				0C938088290872A1000E9365 /* Sources */,
				0C938089290872A1000E9365 /* Frameworks */,
				0C93808A290872A1000E9365 /* Resources */,
				BD885A4E69961502580AD3A9 /* [CP] Embed Pods Frameworks */,
			);
			buildRules = (
			);
			dependencies = (
				0C93808E290872A1000E9365 /* PBXTargetDependency */,
			);
			name = KuberUITests;
			productName = KuberUITests;
			productReference = 0C93808C290872A1000E9365 /* KuberUITests.xctest */;
			productType = "com.apple.product-type.bundle.ui-testing";
		};
/* End PBXNativeTarget section */

/* Begin PBXProject section */
		0C93806429087296000E9365 /* Project object */ = {
			isa = PBXProject;
			attributes = {
				BuildIndependentTargetsInParallel = 1;
				LastSwiftUpdateCheck = 1400;
				LastUpgradeCheck = 1400;
				TargetAttributes = {
					0C93806B29087296000E9365 = {
						CreatedOnToolsVersion = 14.0.1;
					};
					0C938081290872A1000E9365 = {
						CreatedOnToolsVersion = 14.0.1;
						TestTargetID = 0C93806B29087296000E9365;
					};
					0C93808B290872A1000E9365 = {
						CreatedOnToolsVersion = 14.0.1;
						TestTargetID = 0C93806B29087296000E9365;
					};
				};
			};
			buildConfigurationList = 0C93806729087296000E9365 /* Build configuration list for PBXProject "Kuber" */;
			compatibilityVersion = "Xcode 14.0";
			developmentRegion = en;
			hasScannedForEncodings = 0;
			knownRegions = (
				en,
				Base,
			);
			mainGroup = 0C93806329087296000E9365;
			packageReferences = (
				5406550F291053E30015F3D9 /* XCRemoteSwiftPackageReference "firebase-ios-sdk" */,
			);
			productRefGroup = 0C93806D29087296000E9365 /* Products */;
			projectDirPath = "";
			projectRoot = "";
			targets = (
				0C93806B29087296000E9365 /* Kuber */,
				0C938081290872A1000E9365 /* KuberTests */,
				0C93808B290872A1000E9365 /* KuberUITests */,
			);
		};
/* End PBXProject section */

/* Begin PBXResourcesBuildPhase section */
		0C93806A29087296000E9365 /* Resources */ = {
			isa = PBXResourcesBuildPhase;
			buildActionMask = 2147483647;
			files = (
				0C93807C290872A1000E9365 /* LaunchScreen.storyboard in Resources */,
				54065547291057AE0015F3D9 /* GoogleService-Info.plist in Resources */,
				0C938079290872A1000E9365 /* Assets.xcassets in Resources */,
				0C93807729087296000E9365 /* Main.storyboard in Resources */,
			);
			runOnlyForDeploymentPostprocessing = 0;
		};
		0C938080290872A1000E9365 /* Resources */ = {
			isa = PBXResourcesBuildPhase;
			buildActionMask = 2147483647;
			files = (
				54065548291057AE0015F3D9 /* GoogleService-Info.plist in Resources */,
			);
			runOnlyForDeploymentPostprocessing = 0;
		};
		0C93808A290872A1000E9365 /* Resources */ = {
			isa = PBXResourcesBuildPhase;
			buildActionMask = 2147483647;
			files = (
				54065549291057AE0015F3D9 /* GoogleService-Info.plist in Resources */,
			);
			runOnlyForDeploymentPostprocessing = 0;
		};
/* End PBXResourcesBuildPhase section */

/* Begin PBXShellScriptBuildPhase section */
		369D63664220BF5E47B01E59 /* [CP] Check Pods Manifest.lock */ = {
			isa = PBXShellScriptBuildPhase;
			buildActionMask = 2147483647;
			files = (
			);
			inputFileListPaths = (
			);
			inputPaths = (
				"${PODS_PODFILE_DIR_PATH}/Podfile.lock",
				"${PODS_ROOT}/Manifest.lock",
			);
			name = "[CP] Check Pods Manifest.lock";
			outputFileListPaths = (
			);
			outputPaths = (
				"$(DERIVED_FILE_DIR)/Pods-Kuber-KuberUITests-checkManifestLockResult.txt",
			);
			runOnlyForDeploymentPostprocessing = 0;
			shellPath = /bin/sh;
			shellScript = "diff \"${PODS_PODFILE_DIR_PATH}/Podfile.lock\" \"${PODS_ROOT}/Manifest.lock\" > /dev/null\nif [ $? != 0 ] ; then\n    # print error to STDERR\n    echo \"error: The sandbox is not in sync with the Podfile.lock. Run 'pod install' or update your CocoaPods installation.\" >&2\n    exit 1\nfi\n# This output is used by Xcode 'outputs' to avoid re-running this script phase.\necho \"SUCCESS\" > \"${SCRIPT_OUTPUT_FILE_0}\"\n";
			showEnvVarsInLog = 0;
		};
		656DDE29E91B269F5D9F77CA /* [CP] Embed Pods Frameworks */ = {
			isa = PBXShellScriptBuildPhase;
			buildActionMask = 2147483647;
			files = (
			);
			inputFileListPaths = (
				"${PODS_ROOT}/Target Support Files/Pods-Kuber/Pods-Kuber-frameworks-${CONFIGURATION}-input-files.xcfilelist",
			);
			name = "[CP] Embed Pods Frameworks";
			outputFileListPaths = (
				"${PODS_ROOT}/Target Support Files/Pods-Kuber/Pods-Kuber-frameworks-${CONFIGURATION}-output-files.xcfilelist",
			);
			runOnlyForDeploymentPostprocessing = 0;
			shellPath = /bin/sh;
			shellScript = "\"${PODS_ROOT}/Target Support Files/Pods-Kuber/Pods-Kuber-frameworks.sh\"\n";
			showEnvVarsInLog = 0;
		};
		941FC250DFB6231A189AEF81 /* [CP] Check Pods Manifest.lock */ = {
			isa = PBXShellScriptBuildPhase;
			buildActionMask = 2147483647;
			files = (
			);
			inputFileListPaths = (
			);
			inputPaths = (
				"${PODS_PODFILE_DIR_PATH}/Podfile.lock",
				"${PODS_ROOT}/Manifest.lock",
			);
			name = "[CP] Check Pods Manifest.lock";
			outputFileListPaths = (
			);
			outputPaths = (
				"$(DERIVED_FILE_DIR)/Pods-KuberTests-checkManifestLockResult.txt",
			);
			runOnlyForDeploymentPostprocessing = 0;
			shellPath = /bin/sh;
			shellScript = "diff \"${PODS_PODFILE_DIR_PATH}/Podfile.lock\" \"${PODS_ROOT}/Manifest.lock\" > /dev/null\nif [ $? != 0 ] ; then\n    # print error to STDERR\n    echo \"error: The sandbox is not in sync with the Podfile.lock. Run 'pod install' or update your CocoaPods installation.\" >&2\n    exit 1\nfi\n# This output is used by Xcode 'outputs' to avoid re-running this script phase.\necho \"SUCCESS\" > \"${SCRIPT_OUTPUT_FILE_0}\"\n";
			showEnvVarsInLog = 0;
		};
		9FEBD6B04AACAF86DF32C50A /* [CP] Check Pods Manifest.lock */ = {
			isa = PBXShellScriptBuildPhase;
			buildActionMask = 2147483647;
			files = (
			);
			inputFileListPaths = (
			);
			inputPaths = (
				"${PODS_PODFILE_DIR_PATH}/Podfile.lock",
				"${PODS_ROOT}/Manifest.lock",
			);
			name = "[CP] Check Pods Manifest.lock";
			outputFileListPaths = (
			);
			outputPaths = (
				"$(DERIVED_FILE_DIR)/Pods-Kuber-checkManifestLockResult.txt",
			);
			runOnlyForDeploymentPostprocessing = 0;
			shellPath = /bin/sh;
			shellScript = "diff \"${PODS_PODFILE_DIR_PATH}/Podfile.lock\" \"${PODS_ROOT}/Manifest.lock\" > /dev/null\nif [ $? != 0 ] ; then\n    # print error to STDERR\n    echo \"error: The sandbox is not in sync with the Podfile.lock. Run 'pod install' or update your CocoaPods installation.\" >&2\n    exit 1\nfi\n# This output is used by Xcode 'outputs' to avoid re-running this script phase.\necho \"SUCCESS\" > \"${SCRIPT_OUTPUT_FILE_0}\"\n";
			showEnvVarsInLog = 0;
		};
		BD885A4E69961502580AD3A9 /* [CP] Embed Pods Frameworks */ = {
			isa = PBXShellScriptBuildPhase;
			buildActionMask = 2147483647;
			files = (
			);
			inputFileListPaths = (
				"${PODS_ROOT}/Target Support Files/Pods-Kuber-KuberUITests/Pods-Kuber-KuberUITests-frameworks-${CONFIGURATION}-input-files.xcfilelist",
			);
			name = "[CP] Embed Pods Frameworks";
			outputFileListPaths = (
				"${PODS_ROOT}/Target Support Files/Pods-Kuber-KuberUITests/Pods-Kuber-KuberUITests-frameworks-${CONFIGURATION}-output-files.xcfilelist",
			);
			runOnlyForDeploymentPostprocessing = 0;
			shellPath = /bin/sh;
			shellScript = "\"${PODS_ROOT}/Target Support Files/Pods-Kuber-KuberUITests/Pods-Kuber-KuberUITests-frameworks.sh\"\n";
			showEnvVarsInLog = 0;
		};
/* End PBXShellScriptBuildPhase section */

/* Begin PBXSourcesBuildPhase section */
		0C93806829087296000E9365 /* Sources */ = {
			isa = PBXSourcesBuildPhase;
			buildActionMask = 2147483647;
			files = (
				F2C663452922C7F800F806AE /* ProfileDelegate.swift in Sources */,
				0C45E10129131B55002A6881 /* RideRequestsViewController.swift in Sources */,
				0CB96DE82926D0DB00AC0982 /* SecondSignUpHelper.swift in Sources */,
				1E28EE4B290E8E68003A141C /* searchRideUIView.swift in Sources */,
				0C83C6CA291D6467003FD90A /* SignUpHelper.swift in Sources */,
				F2C663432922C79A00F806AE /* ProfileHelper.swift in Sources */,
				548E3666292E702200098C29 /* Ride.swift in Sources */,
				0C45E0FF29131B40002A6881 /* HitchhikeStatusViewController.swift in Sources */,
				54EE18CA292259D6009516FB /* User.swift in Sources */,
				F26C296E290FFA96000F5C59 /* ProfileScreenViewController.swift in Sources */,
				0C00F739290C7166000F69C8 /* LogInViewController.swift in Sources */,
				0C45E0FB291318C3002A6881 /* PublishRideViewController.swift in Sources */,
				0C45E0FD29131AD7002A6881 /* RidesViewController.swift in Sources */,
				0C45E0F92913179A002A6881 /* HomeViewController.swift in Sources */,
				0C83C6D0291D6977003FD90A /* SignUpViewController.swift in Sources */,
				0C93807429087296000E9365 /* SecondSignUpViewController.swift in Sources */,
				1E514C612923E00B0050F2E9 /* SignInDelegate.swift in Sources */,
				0C83C6CC291D6476003FD90A /* SignUpDelegate.swift in Sources */,
				0C93807029087296000E9365 /* AppDelegate.swift in Sources */,
				0CB96DEA2926D10C00AC0982 /* SecondSignUpDelegate.swift in Sources */,
				1E28EE47290E6533003A141C /* SearchRideViewController.swift in Sources */,
				1E514C5F2923DFFD0050F2E9 /* SignInHelper.swift in Sources */,
				0C93807229087296000E9365 /* SceneDelegate.swift in Sources */,
			);
			runOnlyForDeploymentPostprocessing = 0;
		};
		0C93807E290872A1000E9365 /* Sources */ = {
			isa = PBXSourcesBuildPhase;
			buildActionMask = 2147483647;
			files = (
				0C938087290872A1000E9365 /* KuberTests.swift in Sources */,
			);
			runOnlyForDeploymentPostprocessing = 0;
		};
		0C938088290872A1000E9365 /* Sources */ = {
			isa = PBXSourcesBuildPhase;
			buildActionMask = 2147483647;
			files = (
				0C938093290872A1000E9365 /* KuberUITestsLaunchTests.swift in Sources */,
				0C938091290872A1000E9365 /* KuberUITests.swift in Sources */,
			);
			runOnlyForDeploymentPostprocessing = 0;
		};
/* End PBXSourcesBuildPhase section */

/* Begin PBXTargetDependency section */
		0C938084290872A1000E9365 /* PBXTargetDependency */ = {
			isa = PBXTargetDependency;
			target = 0C93806B29087296000E9365 /* Kuber */;
			targetProxy = 0C938083290872A1000E9365 /* PBXContainerItemProxy */;
		};
		0C93808E290872A1000E9365 /* PBXTargetDependency */ = {
			isa = PBXTargetDependency;
			target = 0C93806B29087296000E9365 /* Kuber */;
			targetProxy = 0C93808D290872A1000E9365 /* PBXContainerItemProxy */;
		};
/* End PBXTargetDependency section */

/* Begin PBXVariantGroup section */
		0C93807529087296000E9365 /* Main.storyboard */ = {
			isa = PBXVariantGroup;
			children = (
				0C93807629087296000E9365 /* Base */,
			);
			name = Main.storyboard;
			sourceTree = "<group>";
		};
		0C93807A290872A1000E9365 /* LaunchScreen.storyboard */ = {
			isa = PBXVariantGroup;
			children = (
				0C93807B290872A1000E9365 /* Base */,
			);
			name = LaunchScreen.storyboard;
			sourceTree = "<group>";
		};
/* End PBXVariantGroup section */

/* Begin XCBuildConfiguration section */
		0C938094290872A1000E9365 /* Debug */ = {
			isa = XCBuildConfiguration;
			buildSettings = {
				ALWAYS_SEARCH_USER_PATHS = NO;
				CLANG_ANALYZER_NONNULL = YES;
				CLANG_ANALYZER_NUMBER_OBJECT_CONVERSION = YES_AGGRESSIVE;
				CLANG_CXX_LANGUAGE_STANDARD = "gnu++20";
				CLANG_ENABLE_MODULES = YES;
				CLANG_ENABLE_OBJC_ARC = YES;
				CLANG_ENABLE_OBJC_WEAK = YES;
				CLANG_WARN_BLOCK_CAPTURE_AUTORELEASING = YES;
				CLANG_WARN_BOOL_CONVERSION = YES;
				CLANG_WARN_COMMA = YES;
				CLANG_WARN_CONSTANT_CONVERSION = YES;
				CLANG_WARN_DEPRECATED_OBJC_IMPLEMENTATIONS = YES;
				CLANG_WARN_DIRECT_OBJC_ISA_USAGE = YES_ERROR;
				CLANG_WARN_DOCUMENTATION_COMMENTS = YES;
				CLANG_WARN_EMPTY_BODY = YES;
				CLANG_WARN_ENUM_CONVERSION = YES;
				CLANG_WARN_INFINITE_RECURSION = YES;
				CLANG_WARN_INT_CONVERSION = YES;
				CLANG_WARN_NON_LITERAL_NULL_CONVERSION = YES;
				CLANG_WARN_OBJC_IMPLICIT_RETAIN_SELF = YES;
				CLANG_WARN_OBJC_LITERAL_CONVERSION = YES;
				CLANG_WARN_OBJC_ROOT_CLASS = YES_ERROR;
				CLANG_WARN_QUOTED_INCLUDE_IN_FRAMEWORK_HEADER = YES;
				CLANG_WARN_RANGE_LOOP_ANALYSIS = YES;
				CLANG_WARN_STRICT_PROTOTYPES = YES;
				CLANG_WARN_SUSPICIOUS_MOVE = YES;
				CLANG_WARN_UNGUARDED_AVAILABILITY = YES_AGGRESSIVE;
				CLANG_WARN_UNREACHABLE_CODE = YES;
				CLANG_WARN__DUPLICATE_METHOD_MATCH = YES;
				COPY_PHASE_STRIP = NO;
				DEBUG_INFORMATION_FORMAT = dwarf;
				ENABLE_STRICT_OBJC_MSGSEND = YES;
				ENABLE_TESTABILITY = YES;
				GCC_C_LANGUAGE_STANDARD = gnu11;
				GCC_DYNAMIC_NO_PIC = NO;
				GCC_NO_COMMON_BLOCKS = YES;
				GCC_OPTIMIZATION_LEVEL = 0;
				GCC_PREPROCESSOR_DEFINITIONS = (
					"DEBUG=1",
					"$(inherited)",
				);
				GCC_WARN_64_TO_32_BIT_CONVERSION = YES;
				GCC_WARN_ABOUT_RETURN_TYPE = YES_ERROR;
				GCC_WARN_UNDECLARED_SELECTOR = YES;
				GCC_WARN_UNINITIALIZED_AUTOS = YES_AGGRESSIVE;
				GCC_WARN_UNUSED_FUNCTION = YES;
				GCC_WARN_UNUSED_VARIABLE = YES;
				IPHONEOS_DEPLOYMENT_TARGET = 16.0;
				MTL_ENABLE_DEBUG_INFO = INCLUDE_SOURCE;
				MTL_FAST_MATH = YES;
				ONLY_ACTIVE_ARCH = YES;
				SDKROOT = iphoneos;
				SWIFT_ACTIVE_COMPILATION_CONDITIONS = DEBUG;
				SWIFT_OPTIMIZATION_LEVEL = "-Onone";
			};
			name = Debug;
		};
		0C938095290872A1000E9365 /* Release */ = {
			isa = XCBuildConfiguration;
			buildSettings = {
				ALWAYS_SEARCH_USER_PATHS = NO;
				CLANG_ANALYZER_NONNULL = YES;
				CLANG_ANALYZER_NUMBER_OBJECT_CONVERSION = YES_AGGRESSIVE;
				CLANG_CXX_LANGUAGE_STANDARD = "gnu++20";
				CLANG_ENABLE_MODULES = YES;
				CLANG_ENABLE_OBJC_ARC = YES;
				CLANG_ENABLE_OBJC_WEAK = YES;
				CLANG_WARN_BLOCK_CAPTURE_AUTORELEASING = YES;
				CLANG_WARN_BOOL_CONVERSION = YES;
				CLANG_WARN_COMMA = YES;
				CLANG_WARN_CONSTANT_CONVERSION = YES;
				CLANG_WARN_DEPRECATED_OBJC_IMPLEMENTATIONS = YES;
				CLANG_WARN_DIRECT_OBJC_ISA_USAGE = YES_ERROR;
				CLANG_WARN_DOCUMENTATION_COMMENTS = YES;
				CLANG_WARN_EMPTY_BODY = YES;
				CLANG_WARN_ENUM_CONVERSION = YES;
				CLANG_WARN_INFINITE_RECURSION = YES;
				CLANG_WARN_INT_CONVERSION = YES;
				CLANG_WARN_NON_LITERAL_NULL_CONVERSION = YES;
				CLANG_WARN_OBJC_IMPLICIT_RETAIN_SELF = YES;
				CLANG_WARN_OBJC_LITERAL_CONVERSION = YES;
				CLANG_WARN_OBJC_ROOT_CLASS = YES_ERROR;
				CLANG_WARN_QUOTED_INCLUDE_IN_FRAMEWORK_HEADER = YES;
				CLANG_WARN_RANGE_LOOP_ANALYSIS = YES;
				CLANG_WARN_STRICT_PROTOTYPES = YES;
				CLANG_WARN_SUSPICIOUS_MOVE = YES;
				CLANG_WARN_UNGUARDED_AVAILABILITY = YES_AGGRESSIVE;
				CLANG_WARN_UNREACHABLE_CODE = YES;
				CLANG_WARN__DUPLICATE_METHOD_MATCH = YES;
				COPY_PHASE_STRIP = NO;
				DEBUG_INFORMATION_FORMAT = "dwarf-with-dsym";
				ENABLE_NS_ASSERTIONS = NO;
				ENABLE_STRICT_OBJC_MSGSEND = YES;
				GCC_C_LANGUAGE_STANDARD = gnu11;
				GCC_NO_COMMON_BLOCKS = YES;
				GCC_WARN_64_TO_32_BIT_CONVERSION = YES;
				GCC_WARN_ABOUT_RETURN_TYPE = YES_ERROR;
				GCC_WARN_UNDECLARED_SELECTOR = YES;
				GCC_WARN_UNINITIALIZED_AUTOS = YES_AGGRESSIVE;
				GCC_WARN_UNUSED_FUNCTION = YES;
				GCC_WARN_UNUSED_VARIABLE = YES;
				IPHONEOS_DEPLOYMENT_TARGET = 16.0;
				MTL_ENABLE_DEBUG_INFO = NO;
				MTL_FAST_MATH = YES;
				SDKROOT = iphoneos;
				SWIFT_COMPILATION_MODE = wholemodule;
				SWIFT_OPTIMIZATION_LEVEL = "-O";
				VALIDATE_PRODUCT = YES;
			};
			name = Release;
		};
		0C938097290872A1000E9365 /* Debug */ = {
			isa = XCBuildConfiguration;
			baseConfigurationReference = 6CA7B75E54120AB656FA1FD6 /* Pods-Kuber.debug.xcconfig */;
			buildSettings = {
				ASSETCATALOG_COMPILER_APPICON_NAME = AppIcon;
				ASSETCATALOG_COMPILER_GLOBAL_ACCENT_COLOR_NAME = AccentColor;
				CODE_SIGN_STYLE = Automatic;
				CURRENT_PROJECT_VERSION = 1;
				GENERATE_INFOPLIST_FILE = YES;
				INFOPLIST_FILE = Kuber/Info.plist;
				INFOPLIST_KEY_UIApplicationSupportsIndirectInputEvents = YES;
				INFOPLIST_KEY_UILaunchStoryboardName = LaunchScreen;
				INFOPLIST_KEY_UIMainStoryboardFile = Main;
				INFOPLIST_KEY_UISupportedInterfaceOrientations_iPad = "UIInterfaceOrientationPortrait UIInterfaceOrientationPortraitUpsideDown UIInterfaceOrientationLandscapeLeft UIInterfaceOrientationLandscapeRight";
				INFOPLIST_KEY_UISupportedInterfaceOrientations_iPhone = "UIInterfaceOrientationPortrait UIInterfaceOrientationLandscapeLeft UIInterfaceOrientationLandscapeRight";
				LD_RUNPATH_SEARCH_PATHS = (
					"$(inherited)",
					"@executable_path/Frameworks",
				);
				MARKETING_VERSION = 1.0;
				PRODUCT_BUNDLE_IDENTIFIER = comp491.kuber.Kuber;
				PRODUCT_NAME = "$(TARGET_NAME)";
				SWIFT_EMIT_LOC_STRINGS = YES;
				SWIFT_VERSION = 5.0;
				TARGETED_DEVICE_FAMILY = "1,2";
			};
			name = Debug;
		};
		0C938098290872A1000E9365 /* Release */ = {
			isa = XCBuildConfiguration;
			baseConfigurationReference = 2EE806FF8C0BA34FDB559D61 /* Pods-Kuber.release.xcconfig */;
			buildSettings = {
				ASSETCATALOG_COMPILER_APPICON_NAME = AppIcon;
				ASSETCATALOG_COMPILER_GLOBAL_ACCENT_COLOR_NAME = AccentColor;
				CODE_SIGN_STYLE = Automatic;
				CURRENT_PROJECT_VERSION = 1;
				GENERATE_INFOPLIST_FILE = YES;
				INFOPLIST_FILE = Kuber/Info.plist;
				INFOPLIST_KEY_UIApplicationSupportsIndirectInputEvents = YES;
				INFOPLIST_KEY_UILaunchStoryboardName = LaunchScreen;
				INFOPLIST_KEY_UIMainStoryboardFile = Main;
				INFOPLIST_KEY_UISupportedInterfaceOrientations_iPad = "UIInterfaceOrientationPortrait UIInterfaceOrientationPortraitUpsideDown UIInterfaceOrientationLandscapeLeft UIInterfaceOrientationLandscapeRight";
				INFOPLIST_KEY_UISupportedInterfaceOrientations_iPhone = "UIInterfaceOrientationPortrait UIInterfaceOrientationLandscapeLeft UIInterfaceOrientationLandscapeRight";
				LD_RUNPATH_SEARCH_PATHS = (
					"$(inherited)",
					"@executable_path/Frameworks",
				);
				MARKETING_VERSION = 1.0;
				PRODUCT_BUNDLE_IDENTIFIER = comp491.kuber.Kuber;
				PRODUCT_NAME = "$(TARGET_NAME)";
				SWIFT_EMIT_LOC_STRINGS = YES;
				SWIFT_VERSION = 5.0;
				TARGETED_DEVICE_FAMILY = "1,2";
			};
			name = Release;
		};
		0C93809A290872A1000E9365 /* Debug */ = {
			isa = XCBuildConfiguration;
			baseConfigurationReference = BC6AB42BAF48086E3CC35A9E /* Pods-KuberTests.debug.xcconfig */;
			buildSettings = {
				ALWAYS_EMBED_SWIFT_STANDARD_LIBRARIES = YES;
				BUNDLE_LOADER = "$(TEST_HOST)";
				CODE_SIGN_STYLE = Automatic;
				CURRENT_PROJECT_VERSION = 1;
				GENERATE_INFOPLIST_FILE = YES;
				IPHONEOS_DEPLOYMENT_TARGET = 16.0;
				MARKETING_VERSION = 1.0;
				PRODUCT_BUNDLE_IDENTIFIER = comp491.kuber.KuberTests;
				PRODUCT_NAME = "$(TARGET_NAME)";
				SWIFT_EMIT_LOC_STRINGS = NO;
				SWIFT_VERSION = 5.0;
				TARGETED_DEVICE_FAMILY = "1,2";
				TEST_HOST = "$(BUILT_PRODUCTS_DIR)/Kuber.app/$(BUNDLE_EXECUTABLE_FOLDER_PATH)/Kuber";
			};
			name = Debug;
		};
		0C93809B290872A1000E9365 /* Release */ = {
			isa = XCBuildConfiguration;
			baseConfigurationReference = C67095A7C23726EE1FF63965 /* Pods-KuberTests.release.xcconfig */;
			buildSettings = {
				ALWAYS_EMBED_SWIFT_STANDARD_LIBRARIES = YES;
				BUNDLE_LOADER = "$(TEST_HOST)";
				CODE_SIGN_STYLE = Automatic;
				CURRENT_PROJECT_VERSION = 1;
				GENERATE_INFOPLIST_FILE = YES;
				IPHONEOS_DEPLOYMENT_TARGET = 16.0;
				MARKETING_VERSION = 1.0;
				PRODUCT_BUNDLE_IDENTIFIER = comp491.kuber.KuberTests;
				PRODUCT_NAME = "$(TARGET_NAME)";
				SWIFT_EMIT_LOC_STRINGS = NO;
				SWIFT_VERSION = 5.0;
				TARGETED_DEVICE_FAMILY = "1,2";
				TEST_HOST = "$(BUILT_PRODUCTS_DIR)/Kuber.app/$(BUNDLE_EXECUTABLE_FOLDER_PATH)/Kuber";
			};
			name = Release;
		};
		0C93809D290872A1000E9365 /* Debug */ = {
			isa = XCBuildConfiguration;
			baseConfigurationReference = 946B3C23BAE0A4880209F008 /* Pods-Kuber-KuberUITests.debug.xcconfig */;
			buildSettings = {
				ALWAYS_EMBED_SWIFT_STANDARD_LIBRARIES = YES;
				CODE_SIGN_STYLE = Automatic;
				CURRENT_PROJECT_VERSION = 1;
				GENERATE_INFOPLIST_FILE = YES;
				MARKETING_VERSION = 1.0;
				PRODUCT_BUNDLE_IDENTIFIER = comp491.kuber.KuberUITests;
				PRODUCT_NAME = "$(TARGET_NAME)";
				SWIFT_EMIT_LOC_STRINGS = NO;
				SWIFT_VERSION = 5.0;
				TARGETED_DEVICE_FAMILY = "1,2";
				TEST_TARGET_NAME = Kuber;
			};
			name = Debug;
		};
		0C93809E290872A1000E9365 /* Release */ = {
			isa = XCBuildConfiguration;
			baseConfigurationReference = 35BFEFAAB4D30DCD120F5AC6 /* Pods-Kuber-KuberUITests.release.xcconfig */;
			buildSettings = {
				ALWAYS_EMBED_SWIFT_STANDARD_LIBRARIES = YES;
				CODE_SIGN_STYLE = Automatic;
				CURRENT_PROJECT_VERSION = 1;
				GENERATE_INFOPLIST_FILE = YES;
				MARKETING_VERSION = 1.0;
				PRODUCT_BUNDLE_IDENTIFIER = comp491.kuber.KuberUITests;
				PRODUCT_NAME = "$(TARGET_NAME)";
				SWIFT_EMIT_LOC_STRINGS = NO;
				SWIFT_VERSION = 5.0;
				TARGETED_DEVICE_FAMILY = "1,2";
				TEST_TARGET_NAME = Kuber;
			};
			name = Release;
		};
/* End XCBuildConfiguration section */

/* Begin XCConfigurationList section */
		0C93806729087296000E9365 /* Build configuration list for PBXProject "Kuber" */ = {
			isa = XCConfigurationList;
			buildConfigurations = (
				0C938094290872A1000E9365 /* Debug */,
				0C938095290872A1000E9365 /* Release */,
			);
			defaultConfigurationIsVisible = 0;
			defaultConfigurationName = Release;
		};
		0C938096290872A1000E9365 /* Build configuration list for PBXNativeTarget "Kuber" */ = {
			isa = XCConfigurationList;
			buildConfigurations = (
				0C938097290872A1000E9365 /* Debug */,
				0C938098290872A1000E9365 /* Release */,
			);
			defaultConfigurationIsVisible = 0;
			defaultConfigurationName = Release;
		};
		0C938099290872A1000E9365 /* Build configuration list for PBXNativeTarget "KuberTests" */ = {
			isa = XCConfigurationList;
			buildConfigurations = (
				0C93809A290872A1000E9365 /* Debug */,
				0C93809B290872A1000E9365 /* Release */,
			);
			defaultConfigurationIsVisible = 0;
			defaultConfigurationName = Release;
		};
		0C93809C290872A1000E9365 /* Build configuration list for PBXNativeTarget "KuberUITests" */ = {
			isa = XCConfigurationList;
			buildConfigurations = (
				0C93809D290872A1000E9365 /* Debug */,
				0C93809E290872A1000E9365 /* Release */,
			);
			defaultConfigurationIsVisible = 0;
			defaultConfigurationName = Release;
		};
/* End XCConfigurationList section */

/* Begin XCRemoteSwiftPackageReference section */
		5406550F291053E30015F3D9 /* XCRemoteSwiftPackageReference "firebase-ios-sdk" */ = {
			isa = XCRemoteSwiftPackageReference;
			repositoryURL = "https://github.com/firebase/firebase-ios-sdk";
			requirement = {
				branch = master;
				kind = branch;
			};
		};
/* End XCRemoteSwiftPackageReference section */

/* Begin XCSwiftPackageProductDependency section */
		54065510291053E30015F3D9 /* FirebaseAnalytics */ = {
			isa = XCSwiftPackageProductDependency;
			package = 5406550F291053E30015F3D9 /* XCRemoteSwiftPackageReference "firebase-ios-sdk" */;
			productName = FirebaseAnalytics;
		};
		54065512291053E30015F3D9 /* FirebaseAnalyticsOnDeviceConversion */ = {
			isa = XCSwiftPackageProductDependency;
			package = 5406550F291053E30015F3D9 /* XCRemoteSwiftPackageReference "firebase-ios-sdk" */;
			productName = FirebaseAnalyticsOnDeviceConversion;
		};
		54065514291053E30015F3D9 /* FirebaseAnalyticsSwift */ = {
			isa = XCSwiftPackageProductDependency;
			package = 5406550F291053E30015F3D9 /* XCRemoteSwiftPackageReference "firebase-ios-sdk" */;
			productName = FirebaseAnalyticsSwift;
		};
		54065516291053E30015F3D9 /* FirebaseAnalyticsWithoutAdIdSupport */ = {
			isa = XCSwiftPackageProductDependency;
			package = 5406550F291053E30015F3D9 /* XCRemoteSwiftPackageReference "firebase-ios-sdk" */;
			productName = FirebaseAnalyticsWithoutAdIdSupport;
		};
		54065518291053E30015F3D9 /* FirebaseAppCheck */ = {
			isa = XCSwiftPackageProductDependency;
			package = 5406550F291053E30015F3D9 /* XCRemoteSwiftPackageReference "firebase-ios-sdk" */;
			productName = FirebaseAppCheck;
		};
		5406551A291053E30015F3D9 /* FirebaseAppDistribution-Beta */ = {
			isa = XCSwiftPackageProductDependency;
			package = 5406550F291053E30015F3D9 /* XCRemoteSwiftPackageReference "firebase-ios-sdk" */;
			productName = "FirebaseAppDistribution-Beta";
		};
		5406551C291053E30015F3D9 /* FirebaseAuth */ = {
			isa = XCSwiftPackageProductDependency;
			package = 5406550F291053E30015F3D9 /* XCRemoteSwiftPackageReference "firebase-ios-sdk" */;
			productName = FirebaseAuth;
		};
		5406551E291053E30015F3D9 /* FirebaseAuthCombine-Community */ = {
			isa = XCSwiftPackageProductDependency;
			package = 5406550F291053E30015F3D9 /* XCRemoteSwiftPackageReference "firebase-ios-sdk" */;
			productName = "FirebaseAuthCombine-Community";
		};
		54065520291053E30015F3D9 /* FirebaseCrashlytics */ = {
			isa = XCSwiftPackageProductDependency;
			package = 5406550F291053E30015F3D9 /* XCRemoteSwiftPackageReference "firebase-ios-sdk" */;
			productName = FirebaseCrashlytics;
		};
		54065522291053E30015F3D9 /* FirebaseDatabase */ = {
			isa = XCSwiftPackageProductDependency;
			package = 5406550F291053E30015F3D9 /* XCRemoteSwiftPackageReference "firebase-ios-sdk" */;
			productName = FirebaseDatabase;
		};
		54065524291053E30015F3D9 /* FirebaseDatabaseSwift */ = {
			isa = XCSwiftPackageProductDependency;
			package = 5406550F291053E30015F3D9 /* XCRemoteSwiftPackageReference "firebase-ios-sdk" */;
			productName = FirebaseDatabaseSwift;
		};
		54065526291053E30015F3D9 /* FirebaseDynamicLinks */ = {
			isa = XCSwiftPackageProductDependency;
			package = 5406550F291053E30015F3D9 /* XCRemoteSwiftPackageReference "firebase-ios-sdk" */;
			productName = FirebaseDynamicLinks;
		};
		54065528291053E30015F3D9 /* FirebaseFirestore */ = {
			isa = XCSwiftPackageProductDependency;
			package = 5406550F291053E30015F3D9 /* XCRemoteSwiftPackageReference "firebase-ios-sdk" */;
			productName = FirebaseFirestore;
		};
		5406552A291053E30015F3D9 /* FirebaseFirestoreCombine-Community */ = {
			isa = XCSwiftPackageProductDependency;
			package = 5406550F291053E30015F3D9 /* XCRemoteSwiftPackageReference "firebase-ios-sdk" */;
			productName = "FirebaseFirestoreCombine-Community";
		};
		5406552C291053E30015F3D9 /* FirebaseFirestoreSwift */ = {
			isa = XCSwiftPackageProductDependency;
			package = 5406550F291053E30015F3D9 /* XCRemoteSwiftPackageReference "firebase-ios-sdk" */;
			productName = FirebaseFirestoreSwift;
		};
		5406552E291053E30015F3D9 /* FirebaseFunctions */ = {
			isa = XCSwiftPackageProductDependency;
			package = 5406550F291053E30015F3D9 /* XCRemoteSwiftPackageReference "firebase-ios-sdk" */;
			productName = FirebaseFunctions;
		};
		54065530291053E30015F3D9 /* FirebaseFunctionsCombine-Community */ = {
			isa = XCSwiftPackageProductDependency;
			package = 5406550F291053E30015F3D9 /* XCRemoteSwiftPackageReference "firebase-ios-sdk" */;
			productName = "FirebaseFunctionsCombine-Community";
		};
		54065532291053E30015F3D9 /* FirebaseInAppMessaging-Beta */ = {
			isa = XCSwiftPackageProductDependency;
			package = 5406550F291053E30015F3D9 /* XCRemoteSwiftPackageReference "firebase-ios-sdk" */;
			productName = "FirebaseInAppMessaging-Beta";
		};
		54065534291053E30015F3D9 /* FirebaseInAppMessagingSwift-Beta */ = {
			isa = XCSwiftPackageProductDependency;
			package = 5406550F291053E30015F3D9 /* XCRemoteSwiftPackageReference "firebase-ios-sdk" */;
			productName = "FirebaseInAppMessagingSwift-Beta";
		};
		54065536291053E30015F3D9 /* FirebaseInstallations */ = {
			isa = XCSwiftPackageProductDependency;
			package = 5406550F291053E30015F3D9 /* XCRemoteSwiftPackageReference "firebase-ios-sdk" */;
			productName = FirebaseInstallations;
		};
		54065538291053E30015F3D9 /* FirebaseMLModelDownloader */ = {
			isa = XCSwiftPackageProductDependency;
			package = 5406550F291053E30015F3D9 /* XCRemoteSwiftPackageReference "firebase-ios-sdk" */;
			productName = FirebaseMLModelDownloader;
		};
		5406553A291053E30015F3D9 /* FirebaseMessaging */ = {
			isa = XCSwiftPackageProductDependency;
			package = 5406550F291053E30015F3D9 /* XCRemoteSwiftPackageReference "firebase-ios-sdk" */;
			productName = FirebaseMessaging;
		};
		5406553C291053E30015F3D9 /* FirebasePerformance */ = {
			isa = XCSwiftPackageProductDependency;
			package = 5406550F291053E30015F3D9 /* XCRemoteSwiftPackageReference "firebase-ios-sdk" */;
			productName = FirebasePerformance;
		};
		5406553E291053E30015F3D9 /* FirebaseRemoteConfig */ = {
			isa = XCSwiftPackageProductDependency;
			package = 5406550F291053E30015F3D9 /* XCRemoteSwiftPackageReference "firebase-ios-sdk" */;
			productName = FirebaseRemoteConfig;
		};
		54065540291053E30015F3D9 /* FirebaseRemoteConfigSwift */ = {
			isa = XCSwiftPackageProductDependency;
			package = 5406550F291053E30015F3D9 /* XCRemoteSwiftPackageReference "firebase-ios-sdk" */;
			productName = FirebaseRemoteConfigSwift;
		};
		54065542291053E30015F3D9 /* FirebaseStorage */ = {
			isa = XCSwiftPackageProductDependency;
			package = 5406550F291053E30015F3D9 /* XCRemoteSwiftPackageReference "firebase-ios-sdk" */;
			productName = FirebaseStorage;
		};
		54065544291053E30015F3D9 /* FirebaseStorageCombine-Community */ = {
			isa = XCSwiftPackageProductDependency;
			package = 5406550F291053E30015F3D9 /* XCRemoteSwiftPackageReference "firebase-ios-sdk" */;
			productName = "FirebaseStorageCombine-Community";
		};
/* End XCSwiftPackageProductDependency section */
	};
	rootObject = 0C93806429087296000E9365 /* Project object */;
}
